
Microsoft Visual Studio Solution File, Format Version 12.00
# Visual Studio Version 17
VisualStudioVersion = 17.9.34728.123
MinimumVisualStudioVersion = 10.0.40219.1
Project("{FAE04EC0-301F-11D3-BF4B-00C04F79EFBC}") = "Compilador schemee", "Compilador schemee\Compilador schemee.csproj", "{80AA2DE6-B575-4FFB-AD2C-719B165D00AC}"
EndProject
Global
	GlobalSection(SolutionConfigurationPlatforms) = preSolution
		Debug|Any CPU = Debug|Any CPU
		Release|Any CPU = Release|Any CPU
	EndGlobalSection
	GlobalSection(ProjectConfigurationPlatforms) = postSolution
		{80AA2DE6-B575-4FFB-AD2C-719B165D00AC}.Debug|Any CPU.ActiveCfg = Debug|Any CPU
		{80AA2DE6-B575-4FFB-AD2C-719B165D00AC}.Debug|Any CPU.Build.0 = Debug|Any CPU
		{80AA2DE6-B575-4FFB-AD2C-719B165D00AC}.Release|Any CPU.ActiveCfg = Release|Any CPU
		{80AA2DE6-B575-4FFB-AD2C-719B165D00AC}.Release|Any CPU.Build.0 = Release|Any CPU
	EndGlobalSection
	GlobalSection(SolutionProperties) = preSolution
		HideSolutionNode = FALSE
	EndGlobalSection
	GlobalSection(ExtensibilityGlobals) = postSolution
		SolutionGuid = {59B250A4-C8CF-484A-B4C9-044AA1EA0BA6}
	EndGlobalSection
EndGlobal
